
Microsoft Visual Studio Solution File, Format Version 12.00
# Visual Studio 15
VisualStudioVersion = 15.0.27004.2009
MinimumVisualStudioVersion = 10.0.40219.1
Project("{FAE04EC0-301F-11D3-BF4B-00C04F79EFBC}") = "vlaka", "vlaka\vlaka.csproj", "{F1BDFDA2-16E0-4B5B-85EF-F0507BC52557}"
EndProject
Global
	GlobalSection(SolutionConfigurationPlatforms) = preSolution
		Debug|Any CPU = Debug|Any CPU
		Release|Any CPU = Release|Any CPU
	EndGlobalSection
	GlobalSection(ProjectConfigurationPlatforms) = postSolution
		{F1BDFDA2-16E0-4B5B-85EF-F0507BC52557}.Debug|Any CPU.ActiveCfg = Debug|Any CPU
		{F1BDFDA2-16E0-4B5B-85EF-F0507BC52557}.Debug|Any CPU.Build.0 = Debug|Any CPU
		{F1BDFDA2-16E0-4B5B-85EF-F0507BC52557}.Release|Any CPU.ActiveCfg = Release|Any CPU
		{F1BDFDA2-16E0-4B5B-85EF-F0507BC52557}.Release|Any CPU.Build.0 = Release|Any CPU
	EndGlobalSection
	GlobalSection(SolutionProperties) = preSolution
		HideSolutionNode = FALSE
	EndGlobalSection
	GlobalSection(ExtensibilityGlobals) = postSolution
		SolutionGuid = {3EB0273F-F5AB-457C-8BF2-DE778164F1C1}
	EndGlobalSection
EndGlobal
